
Microsoft Visual Studio Solution File, Format Version 12.00
# Visual Studio Version 17
VisualStudioVersion = 17.13.35828.75 d17.13
MinimumVisualStudioVersion = 10.0.40219.1
Project("{FAE04EC0-301F-11D3-BF4B-00C04F79EFBC}") = "Management", "Management\Management.csproj", "{86941854-61E0-4F1F-A5EF-7CC5570E662C}"
EndProject
Global
	GlobalSection(SolutionConfigurationPlatforms) = preSolution
		Debug|Any CPU = Debug|Any CPU
		Release|Any CPU = Release|Any CPU
	EndGlobalSection
	GlobalSection(ProjectConfigurationPlatforms) = postSolution
		{86941854-61E0-4F1F-A5EF-7CC5570E662C}.Debug|Any CPU.ActiveCfg = Debug|Any CPU
		{86941854-61E0-4F1F-A5EF-7CC5570E662C}.Debug|Any CPU.Build.0 = Debug|Any CPU
		{86941854-61E0-4F1F-A5EF-7CC5570E662C}.Release|Any CPU.ActiveCfg = Release|Any CPU
		{86941854-61E0-4F1F-A5EF-7CC5570E662C}.Release|Any CPU.Build.0 = Release|Any CPU
	EndGlobalSection
	GlobalSection(SolutionProperties) = preSolution
		HideSolutionNode = FALSE
	EndGlobalSection
	GlobalSection(ExtensibilityGlobals) = postSolution
		SolutionGuid = {47AC4263-57A4-4F09-9C13-1D002062E491}
	EndGlobalSection
EndGlobal
